{
  "nodes": {
    "nix-darwin": {
      "inputs": {
        "nixpkgs": [
          "nixpkgs"
        ]
      },
      "locked": {
        "lastModified": 1736819234,
        "narHash": "sha256-deQVtIH4UJueELJqluAICUtX7OosD9paTP+5FgbiSwI=",
        "owner": "LnL7",
        "repo": "nix-darwin",
        "rev": "bd921223ba7cdac346477d7ea5204d6f4736fcc6",
        "type": "github"
      },
      "original": {
        "owner": "LnL7",
        "ref": "master",
        "repo": "nix-darwin",
        "type": "github"
      }
    },
    "nixpkgs": {
      "locked": {
        "lastModified": 1736910646,
        "narHash": "sha256-Jzq/EKtSxOCA9hFuovQGlzOuRA8p9cB4mMYWUeCW4FA=",
        "owner": "NixOS",
        "repo": "nixpkgs",
        "rev": "0bd024d34eb07cef235f94258423f40a41182088",
        "type": "github"
      },
      "original": {
        "owner": "NixOS",
        "ref": "nixpkgs-unstable",
        "repo": "nixpkgs",
        "type": "github"
      }
    },
    "root": {
      "inputs": {
        "nix-darwin": "nix-darwin",
        "nixpkgs": "nixpkgs"
      }
    }
  },
  "root": "root",
  "version": 7
}
